// !$*UTF8*$!
{
	archiveVersion = 1;
	classes = {
	};
	objectVersion = 56;
	objects = {

/* Begin PBXBuildFile section */
		2FF5DC002AD142EB00464B68 /* AppDelegate.swift in Sources */ = {isa = PBXBuildFile; fileRef = 2FF5DBFF2AD142EB00464B68 /* AppDelegate.swift */; };
		2FF5DC022AD142EB00464B68 /* SceneDelegate.swift in Sources */ = {isa = PBXBuildFile; fileRef = 2FF5DC012AD142EB00464B68 /* SceneDelegate.swift */; };
		2FF5DC042AD142EB00464B68 /* ViewController.swift in Sources */ = {isa = PBXBuildFile; fileRef = 2FF5DC032AD142EB00464B68 /* ViewController.swift */; };
		2FF5DC072AD142EB00464B68 /* Main.storyboard in Resources */ = {isa = PBXBuildFile; fileRef = 2FF5DC052AD142EB00464B68 /* Main.storyboard */; };
		2FF5DC092AD142EC00464B68 /* Assets.xcassets in Resources */ = {isa = PBXBuildFile; fileRef = 2FF5DC082AD142EC00464B68 /* Assets.xcassets */; };
		2FF5DC0C2AD142EC00464B68 /* LaunchScreen.storyboard in Resources */ = {isa = PBXBuildFile; fileRef = 2FF5DC0A2AD142EC00464B68 /* LaunchScreen.storyboard */; };
/* End PBXBuildFile section */

/* Begin PBXFileReference section */
		2FF5DBFC2AD142EB00464B68 /* Swift Avanzado parte 2.app */ = {isa = PBXFileReference; explicitFileType = wrapper.application; includeInIndex = 0; path = "Swift Avanzado parte 2.app"; sourceTree = BUILT_PRODUCTS_DIR; };
		2FF5DBFF2AD142EB00464B68 /* AppDelegate.swift */ = {isa = PBXFileReference; lastKnownFileType = sourcecode.swift; path = AppDelegate.swift; sourceTree = "<group>"; };
		2FF5DC012AD142EB00464B68 /* SceneDelegate.swift */ = {isa = PBXFileReference; lastKnownFileType = sourcecode.swift; path = SceneDelegate.swift; sourceTree = "<group>"; };
		2FF5DC032AD142EB00464B68 /* ViewController.swift */ = {isa = PBXFileReference; lastKnownFileType = sourcecode.swift; path = ViewController.swift; sourceTree = "<group>"; };
		2FF5DC062AD142EB00464B68 /* Base */ = {isa = PBXFileReference; lastKnownFileType = file.storyboard; name = Base; path = Base.lproj/Main.storyboard; sourceTree = "<group>"; };
		2FF5DC082AD142EC00464B68 /* Assets.xcassets */ = {isa = PBXFileReference; lastKnownFileType = folder.assetcatalog; path = Assets.xcassets; sourceTree = "<group>"; };
		2FF5DC0B2AD142EC00464B68 /* Base */ = {isa = PBXFileReference; lastKnownFileType = file.storyboard; name = Base; path = Base.lproj/LaunchScreen.storyboard; sourceTree = "<group>"; };
		2FF5DC0D2AD142EC00464B68 /* Info.plist */ = {isa = PBXFileReference; lastKnownFileType = text.plist.xml; path = Info.plist; sourceTree = "<group>"; };
		2FF5DC132AD1430000464B68 /* Sets.playground */ = {isa = PBXFileReference; lastKnownFileType = file.playground; path = Sets.playground; sourceTree = "<group>"; xcLanguageSpecificationIdentifier = xcode.lang.swift; };
		2FF5DC142AD1584600464B68 /* Sort (Ordenación).playground */ = {isa = PBXFileReference; lastKnownFileType = file.playground; path = "Sort (Ordenación).playground"; sourceTree = "<group>"; xcLanguageSpecificationIdentifier = xcode.lang.swift; };
		2FF5DC152AD169A100464B68 /* Sorted (Ordenación).playground */ = {isa = PBXFileReference; lastKnownFileType = file.playground; path = "Sorted (Ordenación).playground"; sourceTree = "<group>"; xcLanguageSpecificationIdentifier = xcode.lang.swift; };
		2FF5DC162AD171F900464B68 /* Map (Mapeo).playground */ = {isa = PBXFileReference; lastKnownFileType = file.playground; path = "Map (Mapeo).playground"; sourceTree = "<group>"; xcLanguageSpecificationIdentifier = xcode.lang.swift; };
		2FF5DC172AD1765500464B68 /* ForEach (Itinerar un arreglo).playground */ = {isa = PBXFileReference; lastKnownFileType = file.playground; path = "ForEach (Itinerar un arreglo).playground"; sourceTree = "<group>"; xcLanguageSpecificationIdentifier = xcode.lang.swift; };
		2FF5DC182AD1DAA300464B68 /* Others Operations.playground */ = {isa = PBXFileReference; lastKnownFileType = file.playground; path = "Others Operations.playground"; sourceTree = "<group>"; xcLanguageSpecificationIdentifier = xcode.lang.swift; };
/* End PBXFileReference section */

/* Begin PBXFrameworksBuildPhase section */
		2FF5DBF92AD142EB00464B68 /* Frameworks */ = {
			isa = PBXFrameworksBuildPhase;
			buildActionMask = 2147483647;
			files = (
			);
			runOnlyForDeploymentPostprocessing = 0;
		};
/* End PBXFrameworksBuildPhase section */

/* Begin PBXGroup section */
		2FF5DBF32AD142EB00464B68 = {
			isa = PBXGroup;
			children = (
				2FF5DC182AD1DAA300464B68 /* Others Operations.playground */,
				2FF5DC172AD1765500464B68 /* ForEach (Itinerar un arreglo).playground */,
				2FF5DC162AD171F900464B68 /* Map (Mapeo).playground */,
				2FF5DC152AD169A100464B68 /* Sorted (Ordenación).playground */,
				2FF5DC142AD1584600464B68 /* Sort (Ordenación).playground */,
				2FF5DC132AD1430000464B68 /* Sets.playground */,
				2FF5DBFE2AD142EB00464B68 /* Swift Avanzado parte 2 */,
				2FF5DBFD2AD142EB00464B68 /* Products */,
			);
			sourceTree = "<group>";
		};
		2FF5DBFD2AD142EB00464B68 /* Products */ = {
			isa = PBXGroup;
			children = (
				2FF5DBFC2AD142EB00464B68 /* Swift Avanzado parte 2.app */,
			);
			name = Products;
			sourceTree = "<group>";
		};
		2FF5DBFE2AD142EB00464B68 /* Swift Avanzado parte 2 */ = {
			isa = PBXGroup;
			children = (
				2FF5DBFF2AD142EB00464B68 /* AppDelegate.swift */,
				2FF5DC012AD142EB00464B68 /* SceneDelegate.swift */,
				2FF5DC032AD142EB00464B68 /* ViewController.swift */,
				2FF5DC052AD142EB00464B68 /* Main.storyboard */,
				2FF5DC082AD142EC00464B68 /* Assets.xcassets */,
				2FF5DC0A2AD142EC00464B68 /* LaunchScreen.storyboard */,
				2FF5DC0D2AD142EC00464B68 /* Info.plist */,
			);
			path = "Swift Avanzado parte 2";
			sourceTree = "<group>";
		};
/* End PBXGroup section */

/* Begin PBXNativeTarget section */
		2FF5DBFB2AD142EB00464B68 /* Swift Avanzado parte 2 */ = {
			isa = PBXNativeTarget;
			buildConfigurationList = 2FF5DC102AD142EC00464B68 /* Build configuration list for PBXNativeTarget "Swift Avanzado parte 2" */;
			buildPhases = (
				2FF5DBF82AD142EB00464B68 /* Sources */,
				2FF5DBF92AD142EB00464B68 /* Frameworks */,
				2FF5DBFA2AD142EB00464B68 /* Resources */,
			);
			buildRules = (
			);
			dependencies = (
			);
			name = "Swift Avanzado parte 2";
			productName = "Swift Avanzado parte 2";
			productReference = 2FF5DBFC2AD142EB00464B68 /* Swift Avanzado parte 2.app */;
			productType = "com.apple.product-type.application";
		};
/* End PBXNativeTarget section */

/* Begin PBXProject section */
		2FF5DBF42AD142EB00464B68 /* Project object */ = {
			isa = PBXProject;
			attributes = {
				BuildIndependentTargetsInParallel = 1;
				LastSwiftUpdateCheck = 1500;
				LastUpgradeCheck = 1500;
				TargetAttributes = {
					2FF5DBFB2AD142EB00464B68 = {
						CreatedOnToolsVersion = 15.0;
					};
				};
			};
			buildConfigurationList = 2FF5DBF72AD142EB00464B68 /* Build configuration list for PBXProject "Swift Avanzado parte 2" */;
			compatibilityVersion = "Xcode 14.0";
			developmentRegion = en;
			hasScannedForEncodings = 0;
			knownRegions = (
				en,
				Base,
			);
			mainGroup = 2FF5DBF32AD142EB00464B68;
			productRefGroup = 2FF5DBFD2AD142EB00464B68 /* Products */;
			projectDirPath = "";
			projectRoot = "";
			targets = (
				2FF5DBFB2AD142EB00464B68 /* Swift Avanzado parte 2 */,
			);
		};
/* End PBXProject section */

/* Begin PBXResourcesBuildPhase section */
		2FF5DBFA2AD142EB00464B68 /* Resources */ = {
			isa = PBXResourcesBuildPhase;
			buildActionMask = 2147483647;
			files = (
				2FF5DC0C2AD142EC00464B68 /* LaunchScreen.storyboard in Resources */,
				2FF5DC092AD142EC00464B68 /* Assets.xcassets in Resources */,
				2FF5DC072AD142EB00464B68 /* Main.storyboard in Resources */,
			);
			runOnlyForDeploymentPostprocessing = 0;
		};
/* End PBXResourcesBuildPhase section */

/* Begin PBXSourcesBuildPhase section */
		2FF5DBF82AD142EB00464B68 /* Sources */ = {
			isa = PBXSourcesBuildPhase;
			buildActionMask = 2147483647;
			files = (
				2FF5DC042AD142EB00464B68 /* ViewController.swift in Sources */,
				2FF5DC002AD142EB00464B68 /* AppDelegate.swift in Sources */,
				2FF5DC022AD142EB00464B68 /* SceneDelegate.swift in Sources */,
			);
			runOnlyForDeploymentPostprocessing = 0;
		};
/* End PBXSourcesBuildPhase section */

/* Begin PBXVariantGroup section */
		2FF5DC052AD142EB00464B68 /* Main.storyboard */ = {
			isa = PBXVariantGroup;
			children = (
				2FF5DC062AD142EB00464B68 /* Base */,
			);
			name = Main.storyboard;
			sourceTree = "<group>";
		};
		2FF5DC0A2AD142EC00464B68 /* LaunchScreen.storyboard */ = {
			isa = PBXVariantGroup;
			children = (
				2FF5DC0B2AD142EC00464B68 /* Base */,
			);
			name = LaunchScreen.storyboard;
			sourceTree = "<group>";
		};
/* End PBXVariantGroup section */

/* Begin XCBuildConfiguration section */
		2FF5DC0E2AD142EC00464B68 /* Debug */ = {
			isa = XCBuildConfiguration;
			buildSettings = {
				ALWAYS_SEARCH_USER_PATHS = NO;
				ASSETCATALOG_COMPILER_GENERATE_SWIFT_ASSET_SYMBOL_EXTENSIONS = YES;
				CLANG_ANALYZER_NONNULL = YES;
				CLANG_ANALYZER_NUMBER_OBJECT_CONVERSION = YES_AGGRESSIVE;
				CLANG_CXX_LANGUAGE_STANDARD = "gnu++20";
				CLANG_ENABLE_MODULES = YES;
				CLANG_ENABLE_OBJC_ARC = YES;
				CLANG_ENABLE_OBJC_WEAK = YES;
				CLANG_WARN_BLOCK_CAPTURE_AUTORELEASING = YES;
				CLANG_WARN_BOOL_CONVERSION = YES;
				CLANG_WARN_COMMA = YES;
				CLANG_WARN_CONSTANT_CONVERSION = YES;
				CLANG_WARN_DEPRECATED_OBJC_IMPLEMENTATIONS = YES;
				CLANG_WARN_DIRECT_OBJC_ISA_USAGE = YES_ERROR;
				CLANG_WARN_DOCUMENTATION_COMMENTS = YES;
				CLANG_WARN_EMPTY_BODY = YES;
				CLANG_WARN_ENUM_CONVERSION = YES;
				CLANG_WARN_INFINITE_RECURSION = YES;
				CLANG_WARN_INT_CONVERSION = YES;
				CLANG_WARN_NON_LITERAL_NULL_CONVERSION = YES;
				CLANG_WARN_OBJC_IMPLICIT_RETAIN_SELF = YES;
				CLANG_WARN_OBJC_LITERAL_CONVERSION = YES;
				CLANG_WARN_OBJC_ROOT_CLASS = YES_ERROR;
				CLANG_WARN_QUOTED_INCLUDE_IN_FRAMEWORK_HEADER = YES;
				CLANG_WARN_RANGE_LOOP_ANALYSIS = YES;
				CLANG_WARN_STRICT_PROTOTYPES = YES;
				CLANG_WARN_SUSPICIOUS_MOVE = YES;
				CLANG_WARN_UNGUARDED_AVAILABILITY = YES_AGGRESSIVE;
				CLANG_WARN_UNREACHABLE_CODE = YES;
				CLANG_WARN__DUPLICATE_METHOD_MATCH = YES;
				COPY_PHASE_STRIP = NO;
				DEBUG_INFORMATION_FORMAT = dwarf;
				ENABLE_STRICT_OBJC_MSGSEND = YES;
				ENABLE_TESTABILITY = YES;
				ENABLE_USER_SCRIPT_SANDBOXING = YES;
				GCC_C_LANGUAGE_STANDARD = gnu17;
				GCC_DYNAMIC_NO_PIC = NO;
				GCC_NO_COMMON_BLOCKS = YES;
				GCC_OPTIMIZATION_LEVEL = 0;
				GCC_PREPROCESSOR_DEFINITIONS = (
					"DEBUG=1",
					"$(inherited)",
				);
				GCC_WARN_64_TO_32_BIT_CONVERSION = YES;
				GCC_WARN_ABOUT_RETURN_TYPE = YES_ERROR;
				GCC_WARN_UNDECLARED_SELECTOR = YES;
				GCC_WARN_UNINITIALIZED_AUTOS = YES_AGGRESSIVE;
				GCC_WARN_UNUSED_FUNCTION = YES;
				GCC_WARN_UNUSED_VARIABLE = YES;
				IPHONEOS_DEPLOYMENT_TARGET = 17.0;
				LOCALIZATION_PREFERS_STRING_CATALOGS = YES;
				MTL_ENABLE_DEBUG_INFO = INCLUDE_SOURCE;
				MTL_FAST_MATH = YES;
				ONLY_ACTIVE_ARCH = YES;
				SDKROOT = iphoneos;
				SWIFT_ACTIVE_COMPILATION_CONDITIONS = "DEBUG $(inherited)";
				SWIFT_OPTIMIZATION_LEVEL = "-Onone";
			};
			name = Debug;
		};
		2FF5DC0F2AD142EC00464B68 /* Release */ = {
			isa = XCBuildConfiguration;
			buildSettings = {
				ALWAYS_SEARCH_USER_PATHS = NO;
				ASSETCATALOG_COMPILER_GENERATE_SWIFT_ASSET_SYMBOL_EXTENSIONS = YES;
				CLANG_ANALYZER_NONNULL = YES;
				CLANG_ANALYZER_NUMBER_OBJECT_CONVERSION = YES_AGGRESSIVE;
				CLANG_CXX_LANGUAGE_STANDARD = "gnu++20";
				CLANG_ENABLE_MODULES = YES;
				CLANG_ENABLE_OBJC_ARC = YES;
				CLANG_ENABLE_OBJC_WEAK = YES;
				CLANG_WARN_BLOCK_CAPTURE_AUTORELEASING = YES;
				CLANG_WARN_BOOL_CONVERSION = YES;
				CLANG_WARN_COMMA = YES;
				CLANG_WARN_CONSTANT_CONVERSION = YES;
				CLANG_WARN_DEPRECATED_OBJC_IMPLEMENTATIONS = YES;
				CLANG_WARN_DIRECT_OBJC_ISA_USAGE = YES_ERROR;
				CLANG_WARN_DOCUMENTATION_COMMENTS = YES;
				CLANG_WARN_EMPTY_BODY = YES;
				CLANG_WARN_ENUM_CONVERSION = YES;
				CLANG_WARN_INFINITE_RECURSION = YES;
				CLANG_WARN_INT_CONVERSION = YES;
				CLANG_WARN_NON_LITERAL_NULL_CONVERSION = YES;
				CLANG_WARN_OBJC_IMPLICIT_RETAIN_SELF = YES;
				CLANG_WARN_OBJC_LITERAL_CONVERSION = YES;
				CLANG_WARN_OBJC_ROOT_CLASS = YES_ERROR;
				CLANG_WARN_QUOTED_INCLUDE_IN_FRAMEWORK_HEADER = YES;
				CLANG_WARN_RANGE_LOOP_ANALYSIS = YES;
				CLANG_WARN_STRICT_PROTOTYPES = YES;
				CLANG_WARN_SUSPICIOUS_MOVE = YES;
				CLANG_WARN_UNGUARDED_AVAILABILITY = YES_AGGRESSIVE;
				CLANG_WARN_UNREACHABLE_CODE = YES;
				CLANG_WARN__DUPLICATE_METHOD_MATCH = YES;
				COPY_PHASE_STRIP = NO;
				DEBUG_INFORMATION_FORMAT = "dwarf-with-dsym";
				ENABLE_NS_ASSERTIONS = NO;
				ENABLE_STRICT_OBJC_MSGSEND = YES;
				ENABLE_USER_SCRIPT_SANDBOXING = YES;
				GCC_C_LANGUAGE_STANDARD = gnu17;
				GCC_NO_COMMON_BLOCKS = YES;
				GCC_WARN_64_TO_32_BIT_CONVERSION = YES;
				GCC_WARN_ABOUT_RETURN_TYPE = YES_ERROR;
				GCC_WARN_UNDECLARED_SELECTOR = YES;
				GCC_WARN_UNINITIALIZED_AUTOS = YES_AGGRESSIVE;
				GCC_WARN_UNUSED_FUNCTION = YES;
				GCC_WARN_UNUSED_VARIABLE = YES;
				IPHONEOS_DEPLOYMENT_TARGET = 17.0;
				LOCALIZATION_PREFERS_STRING_CATALOGS = YES;
				MTL_ENABLE_DEBUG_INFO = NO;
				MTL_FAST_MATH = YES;
				SDKROOT = iphoneos;
				SWIFT_COMPILATION_MODE = wholemodule;
				VALIDATE_PRODUCT = YES;
			};
			name = Release;
		};
		2FF5DC112AD142EC00464B68 /* Debug */ = {
			isa = XCBuildConfiguration;
			buildSettings = {
				ASSETCATALOG_COMPILER_APPICON_NAME = AppIcon;
				ASSETCATALOG_COMPILER_GLOBAL_ACCENT_COLOR_NAME = AccentColor;
				CODE_SIGN_STYLE = Automatic;
				CURRENT_PROJECT_VERSION = 1;
				DEVELOPMENT_TEAM = 6YBLW9932T;
				GENERATE_INFOPLIST_FILE = YES;
				INFOPLIST_FILE = "Swift Avanzado parte 2/Info.plist";
				INFOPLIST_KEY_UIApplicationSupportsIndirectInputEvents = YES;
				INFOPLIST_KEY_UILaunchStoryboardName = LaunchScreen;
				INFOPLIST_KEY_UIMainStoryboardFile = Main;
				INFOPLIST_KEY_UISupportedInterfaceOrientations_iPad = "UIInterfaceOrientationPortrait UIInterfaceOrientationPortraitUpsideDown UIInterfaceOrientationLandscapeLeft UIInterfaceOrientationLandscapeRight";
				INFOPLIST_KEY_UISupportedInterfaceOrientations_iPhone = "UIInterfaceOrientationPortrait UIInterfaceOrientationLandscapeLeft UIInterfaceOrientationLandscapeRight";
				LD_RUNPATH_SEARCH_PATHS = (
					"$(inherited)",
					"@executable_path/Frameworks",
				);
				MARKETING_VERSION = 1.0;
				PRODUCT_BUNDLE_IDENTIFIER = "com.JimenezSantiago.Swift-Avanzado-parte-2";
				PRODUCT_NAME = "$(TARGET_NAME)";
				SWIFT_EMIT_LOC_STRINGS = YES;
				SWIFT_VERSION = 5.0;
				TARGETED_DEVICE_FAMILY = "1,2";
			};
			name = Debug;
		};
		2FF5DC122AD142EC00464B68 /* Release */ = {
			isa = XCBuildConfiguration;
			buildSettings = {
				ASSETCATALOG_COMPILER_APPICON_NAME = AppIcon;
				ASSETCATALOG_COMPILER_GLOBAL_ACCENT_COLOR_NAME = AccentColor;
				CODE_SIGN_STYLE = Automatic;
				CURRENT_PROJECT_VERSION = 1;
				DEVELOPMENT_TEAM = 6YBLW9932T;
				GENERATE_INFOPLIST_FILE = YES;
				INFOPLIST_FILE = "Swift Avanzado parte 2/Info.plist";
				INFOPLIST_KEY_UIApplicationSupportsIndirectInputEvents = YES;
				INFOPLIST_KEY_UILaunchStoryboardName = LaunchScreen;
				INFOPLIST_KEY_UIMainStoryboardFile = Main;
				INFOPLIST_KEY_UISupportedInterfaceOrientations_iPad = "UIInterfaceOrientationPortrait UIInterfaceOrientationPortraitUpsideDown UIInterfaceOrientationLandscapeLeft UIInterfaceOrientationLandscapeRight";
				INFOPLIST_KEY_UISupportedInterfaceOrientations_iPhone = "UIInterfaceOrientationPortrait UIInterfaceOrientationLandscapeLeft UIInterfaceOrientationLandscapeRight";
				LD_RUNPATH_SEARCH_PATHS = (
					"$(inherited)",
					"@executable_path/Frameworks",
				);
				MARKETING_VERSION = 1.0;
				PRODUCT_BUNDLE_IDENTIFIER = "com.JimenezSantiago.Swift-Avanzado-parte-2";
				PRODUCT_NAME = "$(TARGET_NAME)";
				SWIFT_EMIT_LOC_STRINGS = YES;
				SWIFT_VERSION = 5.0;
				TARGETED_DEVICE_FAMILY = "1,2";
			};
			name = Release;
		};
/* End XCBuildConfiguration section */

/* Begin XCConfigurationList section */
		2FF5DBF72AD142EB00464B68 /* Build configuration list for PBXProject "Swift Avanzado parte 2" */ = {
			isa = XCConfigurationList;
			buildConfigurations = (
				2FF5DC0E2AD142EC00464B68 /* Debug */,
				2FF5DC0F2AD142EC00464B68 /* Release */,
			);
			defaultConfigurationIsVisible = 0;
			defaultConfigurationName = Release;
		};
		2FF5DC102AD142EC00464B68 /* Build configuration list for PBXNativeTarget "Swift Avanzado parte 2" */ = {
			isa = XCConfigurationList;
			buildConfigurations = (
				2FF5DC112AD142EC00464B68 /* Debug */,
				2FF5DC122AD142EC00464B68 /* Release */,
			);
			defaultConfigurationIsVisible = 0;
			defaultConfigurationName = Release;
		};
/* End XCConfigurationList section */
	};
	rootObject = 2FF5DBF42AD142EB00464B68 /* Project object */;
}
